PODS:
  - jkool-client-objc-api (0.1.1):
    - SocketRocket
  - jkool-client-objc-tracking (0.1.0):
    - jkool-client-objc-api
  - SocketRocket (0.5.1)

DEPENDENCIES:
  - jkool-client-objc-tracking (from `../`)

EXTERNAL SOURCES:
  jkool-client-objc-tracking:
    :path: "../"

SPEC CHECKSUMS:
  jkool-client-objc-api: 84c2dcb729aef0cc2b68eeef6b8c6714ca2e88f8
  jkool-client-objc-tracking: 445e3139aed1330dc651c5b9581a91d95be86479
  SocketRocket: d57c7159b83c3c6655745cd15302aa24b6bae531

PODFILE CHECKSUM: 39ec32d53b8e62cd1848ca4292cf576281ac360d

COCOAPODS: 1.0.1
